// !$*UTF8*$!
{
	archiveVersion = 1;
	classes = {
	};
	objectVersion = 50;
	objects = {

/* Begin PBXBuildFile section */
		CD29E90222E5956C0019256F /* AlbumDetailParser.swift in Sources */ = {isa = PBXBuildFile; fileRef = CD29E90122E5956C0019256F /* AlbumDetailParser.swift */; };
		CD510B2D22E3A4EF004224CC /* DetailAlbumViewController.swift in Sources */ = {isa = PBXBuildFile; fileRef = CD510B2B22E3A4EF004224CC /* DetailAlbumViewController.swift */; };
		CD510B2E22E3A4EF004224CC /* DetailAlbumViewController.xib in Resources */ = {isa = PBXBuildFile; fileRef = CD510B2C22E3A4EF004224CC /* DetailAlbumViewController.xib */; };
		CD510B3022E3A4FE004224CC /* DetailAlbumPresenter.swift in Sources */ = {isa = PBXBuildFile; fileRef = CD510B2F22E3A4FE004224CC /* DetailAlbumPresenter.swift */; };
		CD510B3422E3A52A004224CC /* DetailAlbumProvider.swift in Sources */ = {isa = PBXBuildFile; fileRef = CD510B3322E3A52A004224CC /* DetailAlbumProvider.swift */; };
		CD510B3622E3A53C004224CC /* AlbumDetailServies.swift in Sources */ = {isa = PBXBuildFile; fileRef = CD510B3522E3A53C004224CC /* AlbumDetailServies.swift */; };
		CD510B3822E3A547004224CC /* AlbumDetailServiesProtocol.swift in Sources */ = {isa = PBXBuildFile; fileRef = CD510B3722E3A547004224CC /* AlbumDetailServiesProtocol.swift */; };
		CD510B3A22E3A55B004224CC /* DetailAlbumProviderProtocol.swift in Sources */ = {isa = PBXBuildFile; fileRef = CD510B3922E3A55B004224CC /* DetailAlbumProviderProtocol.swift */; };
		CD510B3C22E3A56F004224CC /* DetailAlbumPresenterProtocol.swift in Sources */ = {isa = PBXBuildFile; fileRef = CD510B3B22E3A56F004224CC /* DetailAlbumPresenterProtocol.swift */; };
		CD510B3E22E3A5D3004224CC /* DetailAlbumViewProtocol.swift in Sources */ = {isa = PBXBuildFile; fileRef = CD510B3D22E3A5D3004224CC /* DetailAlbumViewProtocol.swift */; };
		CD510B4022E3B55D004224CC /* AlbumDataResult.swift in Sources */ = {isa = PBXBuildFile; fileRef = CD510B3F22E3B55D004224CC /* AlbumDataResult.swift */; };
		CD510B4222E3B56A004224CC /* AlbumDataResultProtocol.swift in Sources */ = {isa = PBXBuildFile; fileRef = CD510B4122E3B56A004224CC /* AlbumDataResultProtocol.swift */; };
		CD510B4422E3B5C9004224CC /* DetailTrackResult.swift in Sources */ = {isa = PBXBuildFile; fileRef = CD510B4322E3B5C9004224CC /* DetailTrackResult.swift */; };
		CD510B4622E3B5E3004224CC /* DetailTrackResultProtocol.swift in Sources */ = {isa = PBXBuildFile; fileRef = CD510B4522E3B5E3004224CC /* DetailTrackResultProtocol.swift */; };
		CD59BF4A22E052EC004E3470 /* AppDelegate.swift in Sources */ = {isa = PBXBuildFile; fileRef = CD59BF4922E052EC004E3470 /* AppDelegate.swift */; };
		CD59BF5122E052ED004E3470 /* Assets.xcassets in Resources */ = {isa = PBXBuildFile; fileRef = CD59BF5022E052ED004E3470 /* Assets.xcassets */; };
		CD59BF6022E05827004E3470 /* ViewControllerFactory.swift in Sources */ = {isa = PBXBuildFile; fileRef = CD59BF5F22E05827004E3470 /* ViewControllerFactory.swift */; };
		CD59BF6322E05C82004E3470 /* AlbumsListViewController.swift in Sources */ = {isa = PBXBuildFile; fileRef = CD59BF6122E05C82004E3470 /* AlbumsListViewController.swift */; };
		CD59BF6422E05C82004E3470 /* AlbumsListViewController.xib in Resources */ = {isa = PBXBuildFile; fileRef = CD59BF6222E05C82004E3470 /* AlbumsListViewController.xib */; };
		CD59BF6622E05C98004E3470 /* AlbumsListViewProtocol.swift in Sources */ = {isa = PBXBuildFile; fileRef = CD59BF6522E05C98004E3470 /* AlbumsListViewProtocol.swift */; };
		CD59BF6822E05D48004E3470 /* AlbumsListPresenter.swift in Sources */ = {isa = PBXBuildFile; fileRef = CD59BF6722E05D48004E3470 /* AlbumsListPresenter.swift */; };
		CD59BF6A22E05D9E004E3470 /* AlbumsListPresenterProtocol.swift in Sources */ = {isa = PBXBuildFile; fileRef = CD59BF6922E05D9E004E3470 /* AlbumsListPresenterProtocol.swift */; };
		CD59BF6D22E05DD8004E3470 /* AlbumsListProvider.swift in Sources */ = {isa = PBXBuildFile; fileRef = CD59BF6C22E05DD8004E3470 /* AlbumsListProvider.swift */; };
		CD59BF6F22E05DE3004E3470 /* AlbumsListProviderProtocol.swift in Sources */ = {isa = PBXBuildFile; fileRef = CD59BF6E22E05DE3004E3470 /* AlbumsListProviderProtocol.swift */; };
		CD59BF7222E05E03004E3470 /* ApiServies.swift in Sources */ = {isa = PBXBuildFile; fileRef = CD59BF7122E05E03004E3470 /* ApiServies.swift */; };
		CD59BF7422E05E11004E3470 /* ApiServiesProtocol.swift in Sources */ = {isa = PBXBuildFile; fileRef = CD59BF7322E05E11004E3470 /* ApiServiesProtocol.swift */; };
		CD9C06DA22E85BF100720F9D /* StringExtention.swift in Sources */ = {isa = PBXBuildFile; fileRef = CD9C06D922E85BF100720F9D /* StringExtention.swift */; };
		CD9C06DC22E85C2B00720F9D /* Localizable.strings in Resources */ = {isa = PBXBuildFile; fileRef = CD9C06DB22E85C2B00720F9D /* Localizable.strings */; };
		CD9E158922E7500A004B9E43 /* CommentCell.swift in Sources */ = {isa = PBXBuildFile; fileRef = CD9E158722E7500A004B9E43 /* CommentCell.swift */; };
		CD9E158A22E7500A004B9E43 /* CommentCell.xib in Resources */ = {isa = PBXBuildFile; fileRef = CD9E158822E7500A004B9E43 /* CommentCell.xib */; };
		CDB0945422E0A18800A64269 /* DataAlbumsResult.swift in Sources */ = {isa = PBXBuildFile; fileRef = CDB0945322E0A18800A64269 /* DataAlbumsResult.swift */; };
		CDB0945622E0A1B700A64269 /* DataAlbumsResultProtocol.swift in Sources */ = {isa = PBXBuildFile; fileRef = CDB0945522E0A1B700A64269 /* DataAlbumsResultProtocol.swift */; };
		CDB0945822E0A47F00A64269 /* DataAlbumResult.swift in Sources */ = {isa = PBXBuildFile; fileRef = CDB0945722E0A47F00A64269 /* DataAlbumResult.swift */; };
		CDB0945A22E0A48D00A64269 /* DataAlbumResultProtocol.swift in Sources */ = {isa = PBXBuildFile; fileRef = CDB0945922E0A48D00A64269 /* DataAlbumResultProtocol.swift */; };
		CDB2FEC022E4ADDE003F7027 /* CommentTableCell.swift in Sources */ = {isa = PBXBuildFile; fileRef = CDB2FEBE22E4ADDE003F7027 /* CommentTableCell.swift */; };
		CDB2FEC122E4ADDE003F7027 /* CommentTableCell.xib in Resources */ = {isa = PBXBuildFile; fileRef = CDB2FEBF22E4ADDE003F7027 /* CommentTableCell.xib */; };
		CDEF0DD222E8464C00FA591E /* FooterView.swift in Sources */ = {isa = PBXBuildFile; fileRef = CDEF0DD022E8464C00FA591E /* FooterView.swift */; };
		CDEF0DD322E8464C00FA591E /* FooterView.xib in Resources */ = {isa = PBXBuildFile; fileRef = CDEF0DD122E8464C00FA591E /* FooterView.xib */; };
		FE0F2FAA5DFB033C4861C1C3 /* Pods_EvaluationTestiOS.framework in Frameworks */ = {isa = PBXBuildFile; fileRef = C6ECBF8D29B6BED350116331 /* Pods_EvaluationTestiOS.framework */; };
/* End PBXBuildFile section */

/* Begin PBXFileReference section */
		12D72A86738461212E1B6CA5 /* Pods-EvaluationTestiOS.debug.xcconfig */ = {isa = PBXFileReference; includeInIndex = 1; lastKnownFileType = text.xcconfig; name = "Pods-EvaluationTestiOS.debug.xcconfig"; path = "Target Support Files/Pods-EvaluationTestiOS/Pods-EvaluationTestiOS.debug.xcconfig"; sourceTree = "<group>"; };
		4AB4BF4BCE70DFDFDB1AB4F1 /* Pods-EvaluationTestiOS.release.xcconfig */ = {isa = PBXFileReference; includeInIndex = 1; lastKnownFileType = text.xcconfig; name = "Pods-EvaluationTestiOS.release.xcconfig"; path = "Target Support Files/Pods-EvaluationTestiOS/Pods-EvaluationTestiOS.release.xcconfig"; sourceTree = "<group>"; };
		C6ECBF8D29B6BED350116331 /* Pods_EvaluationTestiOS.framework */ = {isa = PBXFileReference; explicitFileType = wrapper.framework; includeInIndex = 0; path = Pods_EvaluationTestiOS.framework; sourceTree = BUILT_PRODUCTS_DIR; };
		CD29E90122E5956C0019256F /* AlbumDetailParser.swift */ = {isa = PBXFileReference; lastKnownFileType = sourcecode.swift; path = AlbumDetailParser.swift; sourceTree = "<group>"; };
		CD510B2B22E3A4EF004224CC /* DetailAlbumViewController.swift */ = {isa = PBXFileReference; lastKnownFileType = sourcecode.swift; path = DetailAlbumViewController.swift; sourceTree = "<group>"; };
		CD510B2C22E3A4EF004224CC /* DetailAlbumViewController.xib */ = {isa = PBXFileReference; lastKnownFileType = file.xib; path = DetailAlbumViewController.xib; sourceTree = "<group>"; };
		CD510B2F22E3A4FE004224CC /* DetailAlbumPresenter.swift */ = {isa = PBXFileReference; lastKnownFileType = sourcecode.swift; path = DetailAlbumPresenter.swift; sourceTree = "<group>"; };
		CD510B3322E3A52A004224CC /* DetailAlbumProvider.swift */ = {isa = PBXFileReference; lastKnownFileType = sourcecode.swift; path = DetailAlbumProvider.swift; sourceTree = "<group>"; };
		CD510B3522E3A53C004224CC /* AlbumDetailServies.swift */ = {isa = PBXFileReference; lastKnownFileType = sourcecode.swift; path = AlbumDetailServies.swift; sourceTree = "<group>"; };
		CD510B3722E3A547004224CC /* AlbumDetailServiesProtocol.swift */ = {isa = PBXFileReference; lastKnownFileType = sourcecode.swift; path = AlbumDetailServiesProtocol.swift; sourceTree = "<group>"; };
		CD510B3922E3A55B004224CC /* DetailAlbumProviderProtocol.swift */ = {isa = PBXFileReference; lastKnownFileType = sourcecode.swift; path = DetailAlbumProviderProtocol.swift; sourceTree = "<group>"; };
		CD510B3B22E3A56F004224CC /* DetailAlbumPresenterProtocol.swift */ = {isa = PBXFileReference; lastKnownFileType = sourcecode.swift; path = DetailAlbumPresenterProtocol.swift; sourceTree = "<group>"; };
		CD510B3D22E3A5D3004224CC /* DetailAlbumViewProtocol.swift */ = {isa = PBXFileReference; lastKnownFileType = sourcecode.swift; path = DetailAlbumViewProtocol.swift; sourceTree = "<group>"; };
		CD510B3F22E3B55D004224CC /* AlbumDataResult.swift */ = {isa = PBXFileReference; lastKnownFileType = sourcecode.swift; path = AlbumDataResult.swift; sourceTree = "<group>"; };
		CD510B4122E3B56A004224CC /* AlbumDataResultProtocol.swift */ = {isa = PBXFileReference; lastKnownFileType = sourcecode.swift; path = AlbumDataResultProtocol.swift; sourceTree = "<group>"; };
		CD510B4322E3B5C9004224CC /* DetailTrackResult.swift */ = {isa = PBXFileReference; lastKnownFileType = sourcecode.swift; path = DetailTrackResult.swift; sourceTree = "<group>"; };
		CD510B4522E3B5E3004224CC /* DetailTrackResultProtocol.swift */ = {isa = PBXFileReference; lastKnownFileType = sourcecode.swift; path = DetailTrackResultProtocol.swift; sourceTree = "<group>"; };
		CD59BF4622E052EC004E3470 /* EvaluationTestiOS.app */ = {isa = PBXFileReference; explicitFileType = wrapper.application; includeInIndex = 0; path = EvaluationTestiOS.app; sourceTree = BUILT_PRODUCTS_DIR; };
		CD59BF4922E052EC004E3470 /* AppDelegate.swift */ = {isa = PBXFileReference; lastKnownFileType = sourcecode.swift; path = AppDelegate.swift; sourceTree = "<group>"; };
		CD59BF5022E052ED004E3470 /* Assets.xcassets */ = {isa = PBXFileReference; lastKnownFileType = folder.assetcatalog; path = Assets.xcassets; sourceTree = "<group>"; };
		CD59BF5522E052ED004E3470 /* Info.plist */ = {isa = PBXFileReference; lastKnownFileType = text.plist.xml; path = Info.plist; sourceTree = "<group>"; };
		CD59BF5F22E05827004E3470 /* ViewControllerFactory.swift */ = {isa = PBXFileReference; lastKnownFileType = sourcecode.swift; path = ViewControllerFactory.swift; sourceTree = "<group>"; };
		CD59BF6122E05C82004E3470 /* AlbumsListViewController.swift */ = {isa = PBXFileReference; lastKnownFileType = sourcecode.swift; path = AlbumsListViewController.swift; sourceTree = "<group>"; };
		CD59BF6222E05C82004E3470 /* AlbumsListViewController.xib */ = {isa = PBXFileReference; lastKnownFileType = file.xib; path = AlbumsListViewController.xib; sourceTree = "<group>"; };
		CD59BF6522E05C98004E3470 /* AlbumsListViewProtocol.swift */ = {isa = PBXFileReference; lastKnownFileType = sourcecode.swift; path = AlbumsListViewProtocol.swift; sourceTree = "<group>"; };
		CD59BF6722E05D48004E3470 /* AlbumsListPresenter.swift */ = {isa = PBXFileReference; lastKnownFileType = sourcecode.swift; path = AlbumsListPresenter.swift; sourceTree = "<group>"; };
		CD59BF6922E05D9E004E3470 /* AlbumsListPresenterProtocol.swift */ = {isa = PBXFileReference; lastKnownFileType = sourcecode.swift; path = AlbumsListPresenterProtocol.swift; sourceTree = "<group>"; };
		CD59BF6C22E05DD8004E3470 /* AlbumsListProvider.swift */ = {isa = PBXFileReference; lastKnownFileType = sourcecode.swift; path = AlbumsListProvider.swift; sourceTree = "<group>"; };
		CD59BF6E22E05DE3004E3470 /* AlbumsListProviderProtocol.swift */ = {isa = PBXFileReference; lastKnownFileType = sourcecode.swift; path = AlbumsListProviderProtocol.swift; sourceTree = "<group>"; };
		CD59BF7122E05E03004E3470 /* ApiServies.swift */ = {isa = PBXFileReference; lastKnownFileType = sourcecode.swift; path = ApiServies.swift; sourceTree = "<group>"; };
		CD59BF7322E05E11004E3470 /* ApiServiesProtocol.swift */ = {isa = PBXFileReference; lastKnownFileType = sourcecode.swift; path = ApiServiesProtocol.swift; sourceTree = "<group>"; };
		CD9C06D922E85BF100720F9D /* StringExtention.swift */ = {isa = PBXFileReference; lastKnownFileType = sourcecode.swift; path = StringExtention.swift; sourceTree = "<group>"; };
		CD9C06DB22E85C2B00720F9D /* Localizable.strings */ = {isa = PBXFileReference; lastKnownFileType = text.plist.strings; path = Localizable.strings; sourceTree = "<group>"; };
		CD9E158722E7500A004B9E43 /* CommentCell.swift */ = {isa = PBXFileReference; lastKnownFileType = sourcecode.swift; path = CommentCell.swift; sourceTree = "<group>"; };
		CD9E158822E7500A004B9E43 /* CommentCell.xib */ = {isa = PBXFileReference; lastKnownFileType = file.xib; path = CommentCell.xib; sourceTree = "<group>"; };
		CDB0945322E0A18800A64269 /* DataAlbumsResult.swift */ = {isa = PBXFileReference; lastKnownFileType = sourcecode.swift; path = DataAlbumsResult.swift; sourceTree = "<group>"; };
		CDB0945522E0A1B700A64269 /* DataAlbumsResultProtocol.swift */ = {isa = PBXFileReference; lastKnownFileType = sourcecode.swift; path = DataAlbumsResultProtocol.swift; sourceTree = "<group>"; };
		CDB0945722E0A47F00A64269 /* DataAlbumResult.swift */ = {isa = PBXFileReference; lastKnownFileType = sourcecode.swift; path = DataAlbumResult.swift; sourceTree = "<group>"; };
		CDB0945922E0A48D00A64269 /* DataAlbumResultProtocol.swift */ = {isa = PBXFileReference; lastKnownFileType = sourcecode.swift; path = DataAlbumResultProtocol.swift; sourceTree = "<group>"; };
		CDB2FEBE22E4ADDE003F7027 /* CommentTableCell.swift */ = {isa = PBXFileReference; lastKnownFileType = sourcecode.swift; path = CommentTableCell.swift; sourceTree = "<group>"; };
		CDB2FEBF22E4ADDE003F7027 /* CommentTableCell.xib */ = {isa = PBXFileReference; lastKnownFileType = file.xib; path = CommentTableCell.xib; sourceTree = "<group>"; };
		CDEF0DD022E8464C00FA591E /* FooterView.swift */ = {isa = PBXFileReference; lastKnownFileType = sourcecode.swift; path = FooterView.swift; sourceTree = "<group>"; };
		CDEF0DD122E8464C00FA591E /* FooterView.xib */ = {isa = PBXFileReference; lastKnownFileType = file.xib; path = FooterView.xib; sourceTree = "<group>"; };
/* End PBXFileReference section */

/* Begin PBXFrameworksBuildPhase section */
		CD59BF4322E052EC004E3470 /* Frameworks */ = {
			isa = PBXFrameworksBuildPhase;
			buildActionMask = 2147483647;
			files = (
				FE0F2FAA5DFB033C4861C1C3 /* Pods_EvaluationTestiOS.framework in Frameworks */,
			);
			runOnlyForDeploymentPostprocessing = 0;
		};
/* End PBXFrameworksBuildPhase section */

/* Begin PBXGroup section */
		5937965DB72164EC57E6399E /* Frameworks */ = {
			isa = PBXGroup;
			children = (
				C6ECBF8D29B6BED350116331 /* Pods_EvaluationTestiOS.framework */,
			);
			name = Frameworks;
			sourceTree = "<group>";
		};
		739E70B86C5F26BDB9AF4C7A /* Pods */ = {
			isa = PBXGroup;
			children = (
				12D72A86738461212E1B6CA5 /* Pods-EvaluationTestiOS.debug.xcconfig */,
				4AB4BF4BCE70DFDFDB1AB4F1 /* Pods-EvaluationTestiOS.release.xcconfig */,
			);
			path = Pods;
			sourceTree = "<group>";
		};
		CD29E90022E5955D0019256F /* Helper */ = {
			isa = PBXGroup;
			children = (
				CD29E90122E5956C0019256F /* AlbumDetailParser.swift */,
			);
			path = Helper;
			sourceTree = "<group>";
		};
		CD510B2722E3A3C4004224CC /* DetailAlbum */ = {
			isa = PBXGroup;
			children = (
				CD510B2922E3A4BE004224CC /* Presenter */,
				CD510B2A22E3A4C0004224CC /* Model */,
				CD510B2822E3A4BB004224CC /* View */,
			);
			path = DetailAlbum;
			sourceTree = "<group>";
		};
		CD510B2822E3A4BB004224CC /* View */ = {
			isa = PBXGroup;
			children = (
				CDB2FEBD22E4ADC0003F7027 /* Cell */,
				CD510B3D22E3A5D3004224CC /* DetailAlbumViewProtocol.swift */,
				CD510B2B22E3A4EF004224CC /* DetailAlbumViewController.swift */,
				CD510B2C22E3A4EF004224CC /* DetailAlbumViewController.xib */,
			);
			path = View;
			sourceTree = "<group>";
		};
		CD510B2922E3A4BE004224CC /* Presenter */ = {
			isa = PBXGroup;
			children = (
				CD510B3B22E3A56F004224CC /* DetailAlbumPresenterProtocol.swift */,
				CD510B2F22E3A4FE004224CC /* DetailAlbumPresenter.swift */,
			);
			path = Presenter;
			sourceTree = "<group>";
		};
		CD510B2A22E3A4C0004224CC /* Model */ = {
			isa = PBXGroup;
			children = (
				CD510B3222E3A508004224CC /* Provider */,
				CD510B3122E3A506004224CC /* Servies */,
				CD510B4122E3B56A004224CC /* AlbumDataResultProtocol.swift */,
				CD510B3F22E3B55D004224CC /* AlbumDataResult.swift */,
				CD510B4522E3B5E3004224CC /* DetailTrackResultProtocol.swift */,
				CD510B4322E3B5C9004224CC /* DetailTrackResult.swift */,
			);
			path = Model;
			sourceTree = "<group>";
		};
		CD510B3122E3A506004224CC /* Servies */ = {
			isa = PBXGroup;
			children = (
				CD510B3722E3A547004224CC /* AlbumDetailServiesProtocol.swift */,
				CD510B3522E3A53C004224CC /* AlbumDetailServies.swift */,
			);
			path = Servies;
			sourceTree = "<group>";
		};
		CD510B3222E3A508004224CC /* Provider */ = {
			isa = PBXGroup;
			children = (
				CD510B3922E3A55B004224CC /* DetailAlbumProviderProtocol.swift */,
				CD510B3322E3A52A004224CC /* DetailAlbumProvider.swift */,
			);
			path = Provider;
			sourceTree = "<group>";
		};
		CD59BF3D22E052EC004E3470 = {
			isa = PBXGroup;
			children = (
				CD59BF4822E052EC004E3470 /* EvaluationTestiOS */,
				CD59BF4722E052EC004E3470 /* Products */,
				739E70B86C5F26BDB9AF4C7A /* Pods */,
				5937965DB72164EC57E6399E /* Frameworks */,
			);
			sourceTree = "<group>";
		};
		CD59BF4722E052EC004E3470 /* Products */ = {
			isa = PBXGroup;
			children = (
				CD59BF4622E052EC004E3470 /* EvaluationTestiOS.app */,
			);
			name = Products;
			sourceTree = "<group>";
		};
		CD59BF4822E052EC004E3470 /* EvaluationTestiOS */ = {
			isa = PBXGroup;
			children = (
				CD9C06D722E85BC500720F9D /* Extensions */,
				CD29E90022E5955D0019256F /* Helper */,
				CD59BF5B22E057C0004E3470 /* AlbumsList */,
				CD510B2722E3A3C4004224CC /* DetailAlbum */,
				CD59BF4922E052EC004E3470 /* AppDelegate.swift */,
				CD59BF5022E052ED004E3470 /* Assets.xcassets */,
				CD59BF5522E052ED004E3470 /* Info.plist */,
				CD59BF5F22E05827004E3470 /* ViewControllerFactory.swift */,
				CD9C06DB22E85C2B00720F9D /* Localizable.strings */,
			);
			path = EvaluationTestiOS;
			sourceTree = "<group>";
		};
		CD59BF5B22E057C0004E3470 /* AlbumsList */ = {
			isa = PBXGroup;
			children = (
				CD59BF5E22E057D2004E3470 /* Presenter */,
				CD59BF5D22E057CF004E3470 /* Model */,
				CD59BF5C22E057CC004E3470 /* View */,
			);
			path = AlbumsList;
			sourceTree = "<group>";
		};
		CD59BF5C22E057CC004E3470 /* View */ = {
			isa = PBXGroup;
			children = (
				CDEF0DCF22E8461E00FA591E /* Footer */,
				CDD8E4B622E20B8600B5E608 /* Cell */,
				CD59BF6522E05C98004E3470 /* AlbumsListViewProtocol.swift */,
				CD59BF6122E05C82004E3470 /* AlbumsListViewController.swift */,
				CD59BF6222E05C82004E3470 /* AlbumsListViewController.xib */,
			);
			path = View;
			sourceTree = "<group>";
		};
		CD59BF5D22E057CF004E3470 /* Model */ = {
			isa = PBXGroup;
			children = (
				CD59BF6B22E05DB8004E3470 /* Provider */,
				CD59BF7022E05DE8004E3470 /* Servies */,
				CDB0945522E0A1B700A64269 /* DataAlbumsResultProtocol.swift */,
				CDB0945322E0A18800A64269 /* DataAlbumsResult.swift */,
				CDB0945922E0A48D00A64269 /* DataAlbumResultProtocol.swift */,
				CDB0945722E0A47F00A64269 /* DataAlbumResult.swift */,
			);
			path = Model;
			sourceTree = "<group>";
		};
		CD59BF5E22E057D2004E3470 /* Presenter */ = {
			isa = PBXGroup;
			children = (
				CD59BF6922E05D9E004E3470 /* AlbumsListPresenterProtocol.swift */,
				CD59BF6722E05D48004E3470 /* AlbumsListPresenter.swift */,
			);
			path = Presenter;
			sourceTree = "<group>";
		};
		CD59BF6B22E05DB8004E3470 /* Provider */ = {
			isa = PBXGroup;
			children = (
				CD59BF6E22E05DE3004E3470 /* AlbumsListProviderProtocol.swift */,
				CD59BF6C22E05DD8004E3470 /* AlbumsListProvider.swift */,
			);
			path = Provider;
			sourceTree = "<group>";
		};
		CD59BF7022E05DE8004E3470 /* Servies */ = {
			isa = PBXGroup;
			children = (
				CD59BF7322E05E11004E3470 /* ApiServiesProtocol.swift */,
				CD59BF7122E05E03004E3470 /* ApiServies.swift */,
			);
			path = Servies;
			sourceTree = "<group>";
		};
		CD9C06D722E85BC500720F9D /* Extensions */ = {
			isa = PBXGroup;
			children = (
				CD9C06D822E85BD700720F9D /* Foundation */,
			);
			path = Extensions;
			sourceTree = "<group>";
		};
		CD9C06D822E85BD700720F9D /* Foundation */ = {
			isa = PBXGroup;
			children = (
				CD9C06D922E85BF100720F9D /* StringExtention.swift */,
			);
			path = Foundation;
			sourceTree = "<group>";
		};
		CDB2FEBD22E4ADC0003F7027 /* Cell */ = {
			isa = PBXGroup;
			children = (
				CDB2FEBE22E4ADDE003F7027 /* CommentTableCell.swift */,
				CDB2FEBF22E4ADDE003F7027 /* CommentTableCell.xib */,
			);
			path = Cell;
			sourceTree = "<group>";
		};
		CDD8E4B622E20B8600B5E608 /* Cell */ = {
			isa = PBXGroup;
			children = (
				CD9E158722E7500A004B9E43 /* CommentCell.swift */,
				CD9E158822E7500A004B9E43 /* CommentCell.xib */,
			);
			path = Cell;
			sourceTree = "<group>";
		};
		CDEF0DCF22E8461E00FA591E /* Footer */ = {
			isa = PBXGroup;
			children = (
				CDEF0DD022E8464C00FA591E /* FooterView.swift */,
				CDEF0DD122E8464C00FA591E /* FooterView.xib */,
			);
			path = Footer;
			sourceTree = "<group>";
		};
/* End PBXGroup section */

/* Begin PBXNativeTarget section */
		CD59BF4522E052EC004E3470 /* EvaluationTestiOS */ = {
			isa = PBXNativeTarget;
			buildConfigurationList = CD59BF5822E052ED004E3470 /* Build configuration list for PBXNativeTarget "EvaluationTestiOS" */;
			buildPhases = (
				F501E91686746DD8B3A878DB /* [CP] Check Pods Manifest.lock */,
				CD59BF4222E052EC004E3470 /* Sources */,
				CD59BF4322E052EC004E3470 /* Frameworks */,
				CD59BF4422E052EC004E3470 /* Resources */,
				CD59BF7522E069DE004E3470 /* SwiftLint */,
				CD504366424DB5E49CCB4835 /* [CP] Embed Pods Frameworks */,
			);
			buildRules = (
			);
			dependencies = (
			);
			name = EvaluationTestiOS;
			productName = EvaluationTestiOS;
			productReference = CD59BF4622E052EC004E3470 /* EvaluationTestiOS.app */;
			productType = "com.apple.product-type.application";
		};
/* End PBXNativeTarget section */

/* Begin PBXProject section */
		CD59BF3E22E052EC004E3470 /* Project object */ = {
			isa = PBXProject;
			attributes = {
				LastSwiftUpdateCheck = 1020;
				LastUpgradeCheck = 1020;
				ORGANIZATIONNAME = "Антон Хомяков";
				TargetAttributes = {
					CD59BF4522E052EC004E3470 = {
						CreatedOnToolsVersion = 10.2.1;
					};
				};
			};
			buildConfigurationList = CD59BF4122E052EC004E3470 /* Build configuration list for PBXProject "EvaluationTestiOS" */;
			compatibilityVersion = "Xcode 9.3";
			developmentRegion = en;
			hasScannedForEncodings = 0;
			knownRegions = (
				en,
				Base,
			);
			mainGroup = CD59BF3D22E052EC004E3470;
			productRefGroup = CD59BF4722E052EC004E3470 /* Products */;
			projectDirPath = "";
			projectRoot = "";
			targets = (
				CD59BF4522E052EC004E3470 /* EvaluationTestiOS */,
			);
		};
/* End PBXProject section */

/* Begin PBXResourcesBuildPhase section */
		CD59BF4422E052EC004E3470 /* Resources */ = {
			isa = PBXResourcesBuildPhase;
			buildActionMask = 2147483647;
			files = (
				CDB2FEC122E4ADDE003F7027 /* CommentTableCell.xib in Resources */,
				CDEF0DD322E8464C00FA591E /* FooterView.xib in Resources */,
				CD510B2E22E3A4EF004224CC /* DetailAlbumViewController.xib in Resources */,
				CD9C06DC22E85C2B00720F9D /* Localizable.strings in Resources */,
				CD59BF6422E05C82004E3470 /* AlbumsListViewController.xib in Resources */,
				CD59BF5122E052ED004E3470 /* Assets.xcassets in Resources */,
				CD9E158A22E7500A004B9E43 /* CommentCell.xib in Resources */,
			);
			runOnlyForDeploymentPostprocessing = 0;
		};
/* End PBXResourcesBuildPhase section */

/* Begin PBXShellScriptBuildPhase section */
		CD504366424DB5E49CCB4835 /* [CP] Embed Pods Frameworks */ = {
			isa = PBXShellScriptBuildPhase;
			buildActionMask = 2147483647;
			files = (
			);
			inputFileListPaths = (
			);
			inputPaths = (
				"${PODS_ROOT}/Target Support Files/Pods-EvaluationTestiOS/Pods-EvaluationTestiOS-frameworks.sh",
				"${BUILT_PRODUCTS_DIR}/IQKeyboardManagerSwift/IQKeyboardManagerSwift.framework",
				"${BUILT_PRODUCTS_DIR}/Kingfisher/Kingfisher.framework",
				"${BUILT_PRODUCTS_DIR}/MBProgressHUD/MBProgressHUD.framework",
			);
			name = "[CP] Embed Pods Frameworks";
			outputFileListPaths = (
			);
			outputPaths = (
				"${TARGET_BUILD_DIR}/${FRAMEWORKS_FOLDER_PATH}/IQKeyboardManagerSwift.framework",
				"${TARGET_BUILD_DIR}/${FRAMEWORKS_FOLDER_PATH}/Kingfisher.framework",
				"${TARGET_BUILD_DIR}/${FRAMEWORKS_FOLDER_PATH}/MBProgressHUD.framework",
			);
			runOnlyForDeploymentPostprocessing = 0;
			shellPath = /bin/sh;
			shellScript = "\"${PODS_ROOT}/Target Support Files/Pods-EvaluationTestiOS/Pods-EvaluationTestiOS-frameworks.sh\"\n";
			showEnvVarsInLog = 0;
		};
		CD59BF7522E069DE004E3470 /* SwiftLint */ = {
			isa = PBXShellScriptBuildPhase;
			buildActionMask = 2147483647;
			files = (
			);
			inputFileListPaths = (
			);
			inputPaths = (
			);
			name = SwiftLint;
			outputFileListPaths = (
			);
			outputPaths = (
			);
			runOnlyForDeploymentPostprocessing = 0;
			shellPath = /bin/sh;
			shellScript = "if which swiftlint >/dev/null; then\nswiftlint\nelse\necho \"error: SwiftLint does not exist, download it from https://github.com/realm/SwiftLint\"\nexit 1\nfi\n";
		};
		F501E91686746DD8B3A878DB /* [CP] Check Pods Manifest.lock */ = {
			isa = PBXShellScriptBuildPhase;
			buildActionMask = 2147483647;
			files = (
			);
			inputFileListPaths = (
			);
			inputPaths = (
				"${PODS_PODFILE_DIR_PATH}/Podfile.lock",
				"${PODS_ROOT}/Manifest.lock",
			);
			name = "[CP] Check Pods Manifest.lock";
			outputFileListPaths = (
			);
			outputPaths = (
				"$(DERIVED_FILE_DIR)/Pods-EvaluationTestiOS-checkManifestLockResult.txt",
			);
			runOnlyForDeploymentPostprocessing = 0;
			shellPath = /bin/sh;
			shellScript = "diff \"${PODS_PODFILE_DIR_PATH}/Podfile.lock\" \"${PODS_ROOT}/Manifest.lock\" > /dev/null\nif [ $? != 0 ] ; then\n    # print error to STDERR\n    echo \"error: The sandbox is not in sync with the Podfile.lock. Run 'pod install' or update your CocoaPods installation.\" >&2\n    exit 1\nfi\n# This output is used by Xcode 'outputs' to avoid re-running this script phase.\necho \"SUCCESS\" > \"${SCRIPT_OUTPUT_FILE_0}\"\n";
			showEnvVarsInLog = 0;
		};
/* End PBXShellScriptBuildPhase section */

/* Begin PBXSourcesBuildPhase section */
		CD59BF4222E052EC004E3470 /* Sources */ = {
			isa = PBXSourcesBuildPhase;
			buildActionMask = 2147483647;
			files = (
				CD59BF7422E05E11004E3470 /* ApiServiesProtocol.swift in Sources */,
				CD59BF6F22E05DE3004E3470 /* AlbumsListProviderProtocol.swift in Sources */,
				CD510B4222E3B56A004224CC /* AlbumDataResultProtocol.swift in Sources */,
				CDEF0DD222E8464C00FA591E /* FooterView.swift in Sources */,
				CD59BF6A22E05D9E004E3470 /* AlbumsListPresenterProtocol.swift in Sources */,
				CD9C06DA22E85BF100720F9D /* StringExtention.swift in Sources */,
				CD510B3422E3A52A004224CC /* DetailAlbumProvider.swift in Sources */,
				CDB2FEC022E4ADDE003F7027 /* CommentTableCell.swift in Sources */,
				CDB0945422E0A18800A64269 /* DataAlbumsResult.swift in Sources */,
				CD59BF6622E05C98004E3470 /* AlbumsListViewProtocol.swift in Sources */,
				CD59BF7222E05E03004E3470 /* ApiServies.swift in Sources */,
				CD510B4422E3B5C9004224CC /* DetailTrackResult.swift in Sources */,
				CD510B3622E3A53C004224CC /* AlbumDetailServies.swift in Sources */,
				CDB0945622E0A1B700A64269 /* DataAlbumsResultProtocol.swift in Sources */,
				CD510B3022E3A4FE004224CC /* DetailAlbumPresenter.swift in Sources */,
				CD29E90222E5956C0019256F /* AlbumDetailParser.swift in Sources */,
				CD59BF4A22E052EC004E3470 /* AppDelegate.swift in Sources */,
				CD59BF6822E05D48004E3470 /* AlbumsListPresenter.swift in Sources */,
				CD59BF6D22E05DD8004E3470 /* AlbumsListProvider.swift in Sources */,
				CD510B3822E3A547004224CC /* AlbumDetailServiesProtocol.swift in Sources */,
				CD510B4622E3B5E3004224CC /* DetailTrackResultProtocol.swift in Sources */,
				CD59BF6322E05C82004E3470 /* AlbumsListViewController.swift in Sources */,
				CD510B4022E3B55D004224CC /* AlbumDataResult.swift in Sources */,
				CD510B2D22E3A4EF004224CC /* DetailAlbumViewController.swift in Sources */,
				CD59BF6022E05827004E3470 /* ViewControllerFactory.swift in Sources */,
				CD510B3A22E3A55B004224CC /* DetailAlbumProviderProtocol.swift in Sources */,
				CD510B3E22E3A5D3004224CC /* DetailAlbumViewProtocol.swift in Sources */,
				CD9E158922E7500A004B9E43 /* CommentCell.swift in Sources */,
				CDB0945A22E0A48D00A64269 /* DataAlbumResultProtocol.swift in Sources */,
				CDB0945822E0A47F00A64269 /* DataAlbumResult.swift in Sources */,
				CD510B3C22E3A56F004224CC /* DetailAlbumPresenterProtocol.swift in Sources */,
			);
			runOnlyForDeploymentPostprocessing = 0;
		};
/* End PBXSourcesBuildPhase section */

/* Begin XCBuildConfiguration section */
		CD59BF5622E052ED004E3470 /* Debug */ = {
			isa = XCBuildConfiguration;
			buildSettings = {
				ALWAYS_SEARCH_USER_PATHS = NO;
				CLANG_ANALYZER_NONNULL = YES;
				CLANG_ANALYZER_NUMBER_OBJECT_CONVERSION = YES_AGGRESSIVE;
				CLANG_CXX_LANGUAGE_STANDARD = "gnu++14";
				CLANG_CXX_LIBRARY = "libc++";
				CLANG_ENABLE_MODULES = YES;
				CLANG_ENABLE_OBJC_ARC = YES;
				CLANG_ENABLE_OBJC_WEAK = YES;
				CLANG_WARN_BLOCK_CAPTURE_AUTORELEASING = YES;
				CLANG_WARN_BOOL_CONVERSION = YES;
				CLANG_WARN_COMMA = YES;
				CLANG_WARN_CONSTANT_CONVERSION = YES;
				CLANG_WARN_DEPRECATED_OBJC_IMPLEMENTATIONS = YES;
				CLANG_WARN_DIRECT_OBJC_ISA_USAGE = YES_ERROR;
				CLANG_WARN_DOCUMENTATION_COMMENTS = YES;
				CLANG_WARN_EMPTY_BODY = YES;
				CLANG_WARN_ENUM_CONVERSION = YES;
				CLANG_WARN_INFINITE_RECURSION = YES;
				CLANG_WARN_INT_CONVERSION = YES;
				CLANG_WARN_NON_LITERAL_NULL_CONVERSION = YES;
				CLANG_WARN_OBJC_IMPLICIT_RETAIN_SELF = YES;
				CLANG_WARN_OBJC_LITERAL_CONVERSION = YES;
				CLANG_WARN_OBJC_ROOT_CLASS = YES_ERROR;
				CLANG_WARN_RANGE_LOOP_ANALYSIS = YES;
				CLANG_WARN_STRICT_PROTOTYPES = YES;
				CLANG_WARN_SUSPICIOUS_MOVE = YES;
				CLANG_WARN_UNGUARDED_AVAILABILITY = YES_AGGRESSIVE;
				CLANG_WARN_UNREACHABLE_CODE = YES;
				CLANG_WARN__DUPLICATE_METHOD_MATCH = YES;
				CODE_SIGN_IDENTITY = "iPhone Developer";
				COPY_PHASE_STRIP = NO;
				DEBUG_INFORMATION_FORMAT = dwarf;
				ENABLE_STRICT_OBJC_MSGSEND = YES;
				ENABLE_TESTABILITY = YES;
				GCC_C_LANGUAGE_STANDARD = gnu11;
				GCC_DYNAMIC_NO_PIC = NO;
				GCC_NO_COMMON_BLOCKS = YES;
				GCC_OPTIMIZATION_LEVEL = 0;
				GCC_PREPROCESSOR_DEFINITIONS = (
					"DEBUG=1",
					"$(inherited)",
				);
				GCC_WARN_64_TO_32_BIT_CONVERSION = YES;
				GCC_WARN_ABOUT_RETURN_TYPE = YES_ERROR;
				GCC_WARN_UNDECLARED_SELECTOR = YES;
				GCC_WARN_UNINITIALIZED_AUTOS = YES_AGGRESSIVE;
				GCC_WARN_UNUSED_FUNCTION = YES;
				GCC_WARN_UNUSED_VARIABLE = YES;
				IPHONEOS_DEPLOYMENT_TARGET = 12.2;
				MTL_ENABLE_DEBUG_INFO = INCLUDE_SOURCE;
				MTL_FAST_MATH = YES;
				ONLY_ACTIVE_ARCH = YES;
				SDKROOT = iphoneos;
				SWIFT_ACTIVE_COMPILATION_CONDITIONS = DEBUG;
				SWIFT_OPTIMIZATION_LEVEL = "-Onone";
			};
			name = Debug;
		};
		CD59BF5722E052ED004E3470 /* Release */ = {
			isa = XCBuildConfiguration;
			buildSettings = {
				ALWAYS_SEARCH_USER_PATHS = NO;
				CLANG_ANALYZER_NONNULL = YES;
				CLANG_ANALYZER_NUMBER_OBJECT_CONVERSION = YES_AGGRESSIVE;
				CLANG_CXX_LANGUAGE_STANDARD = "gnu++14";
				CLANG_CXX_LIBRARY = "libc++";
				CLANG_ENABLE_MODULES = YES;
				CLANG_ENABLE_OBJC_ARC = YES;
				CLANG_ENABLE_OBJC_WEAK = YES;
				CLANG_WARN_BLOCK_CAPTURE_AUTORELEASING = YES;
				CLANG_WARN_BOOL_CONVERSION = YES;
				CLANG_WARN_COMMA = YES;
				CLANG_WARN_CONSTANT_CONVERSION = YES;
				CLANG_WARN_DEPRECATED_OBJC_IMPLEMENTATIONS = YES;
				CLANG_WARN_DIRECT_OBJC_ISA_USAGE = YES_ERROR;
				CLANG_WARN_DOCUMENTATION_COMMENTS = YES;
				CLANG_WARN_EMPTY_BODY = YES;
				CLANG_WARN_ENUM_CONVERSION = YES;
				CLANG_WARN_INFINITE_RECURSION = YES;
				CLANG_WARN_INT_CONVERSION = YES;
				CLANG_WARN_NON_LITERAL_NULL_CONVERSION = YES;
				CLANG_WARN_OBJC_IMPLICIT_RETAIN_SELF = YES;
				CLANG_WARN_OBJC_LITERAL_CONVERSION = YES;
				CLANG_WARN_OBJC_ROOT_CLASS = YES_ERROR;
				CLANG_WARN_RANGE_LOOP_ANALYSIS = YES;
				CLANG_WARN_STRICT_PROTOTYPES = YES;
				CLANG_WARN_SUSPICIOUS_MOVE = YES;
				CLANG_WARN_UNGUARDED_AVAILABILITY = YES_AGGRESSIVE;
				CLANG_WARN_UNREACHABLE_CODE = YES;
				CLANG_WARN__DUPLICATE_METHOD_MATCH = YES;
				CODE_SIGN_IDENTITY = "iPhone Developer";
				COPY_PHASE_STRIP = NO;
				DEBUG_INFORMATION_FORMAT = "dwarf-with-dsym";
				ENABLE_NS_ASSERTIONS = NO;
				ENABLE_STRICT_OBJC_MSGSEND = YES;
				GCC_C_LANGUAGE_STANDARD = gnu11;
				GCC_NO_COMMON_BLOCKS = YES;
				GCC_WARN_64_TO_32_BIT_CONVERSION = YES;
				GCC_WARN_ABOUT_RETURN_TYPE = YES_ERROR;
				GCC_WARN_UNDECLARED_SELECTOR = YES;
				GCC_WARN_UNINITIALIZED_AUTOS = YES_AGGRESSIVE;
				GCC_WARN_UNUSED_FUNCTION = YES;
				GCC_WARN_UNUSED_VARIABLE = YES;
				IPHONEOS_DEPLOYMENT_TARGET = 12.2;
				MTL_ENABLE_DEBUG_INFO = NO;
				MTL_FAST_MATH = YES;
				SDKROOT = iphoneos;
				SWIFT_COMPILATION_MODE = wholemodule;
				SWIFT_OPTIMIZATION_LEVEL = "-O";
				VALIDATE_PRODUCT = YES;
			};
			name = Release;
		};
		CD59BF5922E052ED004E3470 /* Debug */ = {
			isa = XCBuildConfiguration;
			baseConfigurationReference = 12D72A86738461212E1B6CA5 /* Pods-EvaluationTestiOS.debug.xcconfig */;
			buildSettings = {
				ASSETCATALOG_COMPILER_APPICON_NAME = AppIcon;
				CODE_SIGN_STYLE = Automatic;
				INFOPLIST_FILE = EvaluationTestiOS/Info.plist;
				IPHONEOS_DEPLOYMENT_TARGET = 10.0;
				LD_RUNPATH_SEARCH_PATHS = (
					"$(inherited)",
					"@executable_path/Frameworks",
				);
				PRODUCT_BUNDLE_IDENTIFIER = "-.EvaluationTestiOS";
				PRODUCT_NAME = "$(TARGET_NAME)";
				SWIFT_VERSION = 5.0;
				TARGETED_DEVICE_FAMILY = 1;
			};
			name = Debug;
		};
		CD59BF5A22E052ED004E3470 /* Release */ = {
			isa = XCBuildConfiguration;
			baseConfigurationReference = 4AB4BF4BCE70DFDFDB1AB4F1 /* Pods-EvaluationTestiOS.release.xcconfig */;
			buildSettings = {
				ASSETCATALOG_COMPILER_APPICON_NAME = AppIcon;
				CODE_SIGN_STYLE = Automatic;
				INFOPLIST_FILE = EvaluationTestiOS/Info.plist;
				IPHONEOS_DEPLOYMENT_TARGET = 10.0;
				LD_RUNPATH_SEARCH_PATHS = (
					"$(inherited)",
					"@executable_path/Frameworks",
				);
				PRODUCT_BUNDLE_IDENTIFIER = "-.EvaluationTestiOS";
				PRODUCT_NAME = "$(TARGET_NAME)";
				SWIFT_VERSION = 5.0;
				TARGETED_DEVICE_FAMILY = 1;
			};
			name = Release;
		};
/* End XCBuildConfiguration section */

/* Begin XCConfigurationList section */
		CD59BF4122E052EC004E3470 /* Build configuration list for PBXProject "EvaluationTestiOS" */ = {
			isa = XCConfigurationList;
			buildConfigurations = (
				CD59BF5622E052ED004E3470 /* Debug */,
				CD59BF5722E052ED004E3470 /* Release */,
			);
			defaultConfigurationIsVisible = 0;
			defaultConfigurationName = Release;
		};
		CD59BF5822E052ED004E3470 /* Build configuration list for PBXNativeTarget "EvaluationTestiOS" */ = {
			isa = XCConfigurationList;
			buildConfigurations = (
				CD59BF5922E052ED004E3470 /* Debug */,
				CD59BF5A22E052ED004E3470 /* Release */,
			);
			defaultConfigurationIsVisible = 0;
			defaultConfigurationName = Release;
		};
/* End XCConfigurationList section */
	};
	rootObject = CD59BF3E22E052EC004E3470 /* Project object */;
}
